
Microsoft Visual Studio Solution File, Format Version 12.00
# Visual Studio Version 16
VisualStudioVersion = 16.0.32002.261
MinimumVisualStudioVersion = 10.0.40219.1
Project("{FAE04EC0-301F-11D3-BF4B-00C04F79EFBC}") = "webapp1", "webapp1\webapp1.csproj", "{E3089677-A572-4C11-B2CC-D4E495506859}"
EndProject
Global
	GlobalSection(SolutionConfigurationPlatforms) = preSolution
		Debug|Any CPU = Debug|Any CPU
		Release|Any CPU = Release|Any CPU
	EndGlobalSection
	GlobalSection(ProjectConfigurationPlatforms) = postSolution
		{E3089677-A572-4C11-B2CC-D4E495506859}.Debug|Any CPU.ActiveCfg = Debug|Any CPU
		{E3089677-A572-4C11-B2CC-D4E495506859}.Debug|Any CPU.Build.0 = Debug|Any CPU
		{E3089677-A572-4C11-B2CC-D4E495506859}.Release|Any CPU.ActiveCfg = Release|Any CPU
		{E3089677-A572-4C11-B2CC-D4E495506859}.Release|Any CPU.Build.0 = Release|Any CPU
	EndGlobalSection
	GlobalSection(SolutionProperties) = preSolution
		HideSolutionNode = FALSE
	EndGlobalSection
	GlobalSection(ExtensibilityGlobals) = postSolution
		SolutionGuid = {B9BACFC9-A3A8-4780-9AB8-AD64C67AAB9C}
	EndGlobalSection
EndGlobal
